
Microsoft Visual Studio Solution File, Format Version 12.00
# Visual Studio Version 16
VisualStudioVersion = 16.0.31205.134
MinimumVisualStudioVersion = 10.0.40219.1
Project("{8BC9CEB8-8B4A-11D0-8D11-00A0C91BC942}") = "IOCP_Client", "IOCP_Client\IOCP_Client.vcxproj", "{D4DF252C-4BCD-442F-AA20-793497D9977E}"
EndProject
Global
	GlobalSection(SolutionConfigurationPlatforms) = preSolution
		Debug|x64 = Debug|x64
		Debug|x86 = Debug|x86
		Release|x64 = Release|x64
		Release|x86 = Release|x86
	EndGlobalSection
	GlobalSection(ProjectConfigurationPlatforms) = postSolution
		{D4DF252C-4BCD-442F-AA20-793497D9977E}.Debug|x64.ActiveCfg = Debug|x64
		{D4DF252C-4BCD-442F-AA20-793497D9977E}.Debug|x64.Build.0 = Debug|x64
		{D4DF252C-4BCD-442F-AA20-793497D9977E}.Debug|x86.ActiveCfg = Debug|Win32
		{D4DF252C-4BCD-442F-AA20-793497D9977E}.Debug|x86.Build.0 = Debug|Win32
		{D4DF252C-4BCD-442F-AA20-793497D9977E}.Release|x64.ActiveCfg = Release|x64
		{D4DF252C-4BCD-442F-AA20-793497D9977E}.Release|x64.Build.0 = Release|x64
		{D4DF252C-4BCD-442F-AA20-793497D9977E}.Release|x86.ActiveCfg = Release|Win32
		{D4DF252C-4BCD-442F-AA20-793497D9977E}.Release|x86.Build.0 = Release|Win32
	EndGlobalSection
	GlobalSection(SolutionProperties) = preSolution
		HideSolutionNode = FALSE
	EndGlobalSection
	GlobalSection(ExtensibilityGlobals) = postSolution
		SolutionGuid = {9CEE8C85-D924-4A6A-8CB9-E98BEE72F736}
	EndGlobalSection
EndGlobal
